
Microsoft Visual Studio Solution File, Format Version 12.00
# Visual Studio Version 17
VisualStudioVersion = 17.9.34701.34
MinimumVisualStudioVersion = 10.0.40219.1
Project("{FAE04EC0-301F-11D3-BF4B-00C04F79EFBC}") = "OChat", "OChat\OChat.csproj", "{3FC38827-2445-4C12-87FE-F5891ED15D0E}"
EndProject
Global
	GlobalSection(SolutionConfigurationPlatforms) = preSolution
		Debug|Any CPU = Debug|Any CPU
		Release|Any CPU = Release|Any CPU
	EndGlobalSection
	GlobalSection(ProjectConfigurationPlatforms) = postSolution
		{3FC38827-2445-4C12-87FE-F5891ED15D0E}.Debug|Any CPU.ActiveCfg = Debug|Any CPU
		{3FC38827-2445-4C12-87FE-F5891ED15D0E}.Debug|Any CPU.Build.0 = Debug|Any CPU
		{3FC38827-2445-4C12-87FE-F5891ED15D0E}.Release|Any CPU.ActiveCfg = Release|Any CPU
		{3FC38827-2445-4C12-87FE-F5891ED15D0E}.Release|Any CPU.Build.0 = Release|Any CPU
	EndGlobalSection
	GlobalSection(SolutionProperties) = preSolution
		HideSolutionNode = FALSE
	EndGlobalSection
	GlobalSection(ExtensibilityGlobals) = postSolution
		SolutionGuid = {F0080AF8-BA3D-423C-ACD3-C01B382AE395}
	EndGlobalSection
EndGlobal
